
Microsoft Visual Studio Solution File, Format Version 12.00
# Visual Studio Version 17
VisualStudioVersion = 17.0.32112.339
MinimumVisualStudioVersion = 10.0.40219.1
Project("{FAE04EC0-301F-11D3-BF4B-00C04F79EFBC}") = "Task1", "Task1\Task1.csproj", "{7A19FF96-984D-4CF3-9671-A18C0555F2D9}"
EndProject
Project("{FAE04EC0-301F-11D3-BF4B-00C04F79EFBC}") = "Task2", "Task2\Task2.csproj", "{C6F6AF5E-AD04-475C-976F-7B7545AE2011}"
EndProject
Project("{FAE04EC0-301F-11D3-BF4B-00C04F79EFBC}") = "Task3", "Task3\Task3.csproj", "{91D54556-9282-46A1-963F-2A8935AB0BB4}"
EndProject
Project("{FAE04EC0-301F-11D3-BF4B-00C04F79EFBC}") = "Task4", "Task4\Task4.csproj", "{8744F8E2-8EFD-441B-8452-7F521B6439AF}"
EndProject
Global
	GlobalSection(SolutionConfigurationPlatforms) = preSolution
		Debug|Any CPU = Debug|Any CPU
		Release|Any CPU = Release|Any CPU
	EndGlobalSection
	GlobalSection(ProjectConfigurationPlatforms) = postSolution
		{7A19FF96-984D-4CF3-9671-A18C0555F2D9}.Debug|Any CPU.ActiveCfg = Debug|Any CPU
		{7A19FF96-984D-4CF3-9671-A18C0555F2D9}.Debug|Any CPU.Build.0 = Debug|Any CPU
		{7A19FF96-984D-4CF3-9671-A18C0555F2D9}.Release|Any CPU.ActiveCfg = Release|Any CPU
		{7A19FF96-984D-4CF3-9671-A18C0555F2D9}.Release|Any CPU.Build.0 = Release|Any CPU
		{C6F6AF5E-AD04-475C-976F-7B7545AE2011}.Debug|Any CPU.ActiveCfg = Debug|Any CPU
		{C6F6AF5E-AD04-475C-976F-7B7545AE2011}.Debug|Any CPU.Build.0 = Debug|Any CPU
		{C6F6AF5E-AD04-475C-976F-7B7545AE2011}.Release|Any CPU.ActiveCfg = Release|Any CPU
		{C6F6AF5E-AD04-475C-976F-7B7545AE2011}.Release|Any CPU.Build.0 = Release|Any CPU
		{91D54556-9282-46A1-963F-2A8935AB0BB4}.Debug|Any CPU.ActiveCfg = Debug|Any CPU
		{91D54556-9282-46A1-963F-2A8935AB0BB4}.Debug|Any CPU.Build.0 = Debug|Any CPU
		{91D54556-9282-46A1-963F-2A8935AB0BB4}.Release|Any CPU.ActiveCfg = Release|Any CPU
		{91D54556-9282-46A1-963F-2A8935AB0BB4}.Release|Any CPU.Build.0 = Release|Any CPU
		{8744F8E2-8EFD-441B-8452-7F521B6439AF}.Debug|Any CPU.ActiveCfg = Debug|Any CPU
		{8744F8E2-8EFD-441B-8452-7F521B6439AF}.Debug|Any CPU.Build.0 = Debug|Any CPU
		{8744F8E2-8EFD-441B-8452-7F521B6439AF}.Release|Any CPU.ActiveCfg = Release|Any CPU
		{8744F8E2-8EFD-441B-8452-7F521B6439AF}.Release|Any CPU.Build.0 = Release|Any CPU
	EndGlobalSection
	GlobalSection(SolutionProperties) = preSolution
		HideSolutionNode = FALSE
	EndGlobalSection
	GlobalSection(ExtensibilityGlobals) = postSolution
		SolutionGuid = {8A053856-CFDA-464E-8318-1BF96228CEFA}
	EndGlobalSection
EndGlobal
